
Microsoft Visual Studio Solution File, Format Version 12.00
# Visual Studio Version 16
VisualStudioVersion = 16.0.29009.5
MinimumVisualStudioVersion = 10.0.40219.1
Project("{8BC9CEB8-8B4A-11D0-8D11-00A0C91BC942}") = "SDLWindow", "SDLWindow\SDLWindow.vcxproj", "{F3804502-6787-4604-A54E-6E6C56665CE5}"
EndProject
Global
	GlobalSection(SolutionConfigurationPlatforms) = preSolution
		Debug|x64 = Debug|x64
		Debug|x86 = Debug|x86
		Release|x64 = Release|x64
		Release|x86 = Release|x86
	EndGlobalSection
	GlobalSection(ProjectConfigurationPlatforms) = postSolution
		{F3804502-6787-4604-A54E-6E6C56665CE5}.Debug|x64.ActiveCfg = Debug|x64
		{F3804502-6787-4604-A54E-6E6C56665CE5}.Debug|x64.Build.0 = Debug|x64
		{F3804502-6787-4604-A54E-6E6C56665CE5}.Debug|x86.ActiveCfg = Debug|Win32
		{F3804502-6787-4604-A54E-6E6C56665CE5}.Debug|x86.Build.0 = Debug|Win32
		{F3804502-6787-4604-A54E-6E6C56665CE5}.Release|x64.ActiveCfg = Release|x64
		{F3804502-6787-4604-A54E-6E6C56665CE5}.Release|x64.Build.0 = Release|x64
		{F3804502-6787-4604-A54E-6E6C56665CE5}.Release|x86.ActiveCfg = Release|Win32
		{F3804502-6787-4604-A54E-6E6C56665CE5}.Release|x86.Build.0 = Release|Win32
	EndGlobalSection
	GlobalSection(SolutionProperties) = preSolution
		HideSolutionNode = FALSE
	EndGlobalSection
	GlobalSection(ExtensibilityGlobals) = postSolution
		SolutionGuid = {E2657395-3776-485E-84CC-46C28BCB5955}
	EndGlobalSection
EndGlobal
