
Microsoft Visual Studio Solution File, Format Version 12.00
# Visual Studio Version 16
VisualStudioVersion = 16.0.29009.5
MinimumVisualStudioVersion = 10.0.40219.1
Project("{8BC9CEB8-8B4A-11D0-8D11-00A0C91BC942}") = "TwosComplement", "TwosComplement\TwosComplement.vcxproj", "{64FE75D3-0E1F-4839-91FD-F403CE04BD9C}"
EndProject
Global
	GlobalSection(SolutionConfigurationPlatforms) = preSolution
		Debug|x64 = Debug|x64
		Debug|x86 = Debug|x86
		Release|x64 = Release|x64
		Release|x86 = Release|x86
	EndGlobalSection
	GlobalSection(ProjectConfigurationPlatforms) = postSolution
		{64FE75D3-0E1F-4839-91FD-F403CE04BD9C}.Debug|x64.ActiveCfg = Debug|x64
		{64FE75D3-0E1F-4839-91FD-F403CE04BD9C}.Debug|x64.Build.0 = Debug|x64
		{64FE75D3-0E1F-4839-91FD-F403CE04BD9C}.Debug|x86.ActiveCfg = Debug|Win32
		{64FE75D3-0E1F-4839-91FD-F403CE04BD9C}.Debug|x86.Build.0 = Debug|Win32
		{64FE75D3-0E1F-4839-91FD-F403CE04BD9C}.Release|x64.ActiveCfg = Release|x64
		{64FE75D3-0E1F-4839-91FD-F403CE04BD9C}.Release|x64.Build.0 = Release|x64
		{64FE75D3-0E1F-4839-91FD-F403CE04BD9C}.Release|x86.ActiveCfg = Release|Win32
		{64FE75D3-0E1F-4839-91FD-F403CE04BD9C}.Release|x86.Build.0 = Release|Win32
	EndGlobalSection
	GlobalSection(SolutionProperties) = preSolution
		HideSolutionNode = FALSE
	EndGlobalSection
	GlobalSection(ExtensibilityGlobals) = postSolution
		SolutionGuid = {2FA737CD-BFBE-4F6B-9578-909F1DC24CB3}
	EndGlobalSection
EndGlobal
