
Microsoft Visual Studio Solution File, Format Version 12.00
# Visual Studio Version 16
VisualStudioVersion = 16.0.29009.5
MinimumVisualStudioVersion = 10.0.40219.1
Project("{8BC9CEB8-8B4A-11D0-8D11-00A0C91BC942}") = "InversingString", "InversingString\InversingString.vcxproj", "{94B7B107-B3C4-4B23-BF94-AF419B359838}"
EndProject
Global
	GlobalSection(SolutionConfigurationPlatforms) = preSolution
		Debug|x64 = Debug|x64
		Debug|x86 = Debug|x86
		Release|x64 = Release|x64
		Release|x86 = Release|x86
	EndGlobalSection
	GlobalSection(ProjectConfigurationPlatforms) = postSolution
		{94B7B107-B3C4-4B23-BF94-AF419B359838}.Debug|x64.ActiveCfg = Debug|x64
		{94B7B107-B3C4-4B23-BF94-AF419B359838}.Debug|x64.Build.0 = Debug|x64
		{94B7B107-B3C4-4B23-BF94-AF419B359838}.Debug|x86.ActiveCfg = Debug|Win32
		{94B7B107-B3C4-4B23-BF94-AF419B359838}.Debug|x86.Build.0 = Debug|Win32
		{94B7B107-B3C4-4B23-BF94-AF419B359838}.Release|x64.ActiveCfg = Release|x64
		{94B7B107-B3C4-4B23-BF94-AF419B359838}.Release|x64.Build.0 = Release|x64
		{94B7B107-B3C4-4B23-BF94-AF419B359838}.Release|x86.ActiveCfg = Release|Win32
		{94B7B107-B3C4-4B23-BF94-AF419B359838}.Release|x86.Build.0 = Release|Win32
	EndGlobalSection
	GlobalSection(SolutionProperties) = preSolution
		HideSolutionNode = FALSE
	EndGlobalSection
	GlobalSection(ExtensibilityGlobals) = postSolution
		SolutionGuid = {40283A83-F32C-4486-B4A7-C16D54764099}
	EndGlobalSection
EndGlobal
